Microsoft Visual Studio Solution File, Format Version 12.00
# Visual Studio Version 17
VisualStudioVersion = 17.5.2.0
MinimumVisualStudioVersion = 10.0.40219.1
Project("{2150E333-8FDC-42A3-9474-1A3956D46DE8}") = "GGJ_MASK_NEBULA", "GGJ_MASK_NEBULA", "{A244FDD0-29F3-99D4-2B08-5276361DA118}"
EndProject
Project("{FAE04EC0-301F-11D3-BF4B-00C04F79EFBC}") = "Assembly-CSharp", "GGJ_MASK_NEBULA\Assembly-CSharp.csproj", "{F3B8292C-4DA5-032E-0325-D9995BD761E6}"
EndProject
Global
	GlobalSection(SolutionConfigurationPlatforms) = preSolution
		Debug|Any CPU = Debug|Any CPU
		Release|Any CPU = Release|Any CPU
	EndGlobalSection
	GlobalSection(ProjectConfigurationPlatforms) = postSolution
		{F3B8292C-4DA5-032E-0325-D9995BD761E6}.Debug|Any CPU.ActiveCfg = Debug|Any CPU
		{F3B8292C-4DA5-032E-0325-D9995BD761E6}.Debug|Any CPU.Build.0 = Debug|Any CPU
		{F3B8292C-4DA5-032E-0325-D9995BD761E6}.Release|Any CPU.ActiveCfg = Release|Any CPU
		{F3B8292C-4DA5-032E-0325-D9995BD761E6}.Release|Any CPU.Build.0 = Release|Any CPU
	EndGlobalSection
	GlobalSection(SolutionProperties) = preSolution
		HideSolutionNode = FALSE
	EndGlobalSection
	GlobalSection(NestedProjects) = preSolution
		{F3B8292C-4DA5-032E-0325-D9995BD761E6} = {A244FDD0-29F3-99D4-2B08-5276361DA118}
	EndGlobalSection
	GlobalSection(ExtensibilityGlobals) = postSolution
		SolutionGuid = {C02F8D82-2DD5-41A7-9563-D55A775F4BA8}
	EndGlobalSection
EndGlobal
